
Microsoft Visual Studio Solution File, Format Version 12.00
# Visual Studio Version 16
VisualStudioVersion = 16.0.28803.452
MinimumVisualStudioVersion = 10.0.40219.1
Project("{FAE04EC0-301F-11D3-BF4B-00C04F79EFBC}") = "Foundation.MarkdownField", "Foundation.MarkdownField\Foundation.MarkdownField.csproj", "{C3290763-4B6A-407F-9930-29A9B0AE147D}"
EndProject
Global
	GlobalSection(SolutionConfigurationPlatforms) = preSolution
		Debug|Any CPU = Debug|Any CPU
		Release|Any CPU = Release|Any CPU
	EndGlobalSection
	GlobalSection(ProjectConfigurationPlatforms) = postSolution
		{C3290763-4B6A-407F-9930-29A9B0AE147D}.Debug|Any CPU.ActiveCfg = Debug|Any CPU
		{C3290763-4B6A-407F-9930-29A9B0AE147D}.Debug|Any CPU.Build.0 = Debug|Any CPU
		{C3290763-4B6A-407F-9930-29A9B0AE147D}.Release|Any CPU.ActiveCfg = Release|Any CPU
		{C3290763-4B6A-407F-9930-29A9B0AE147D}.Release|Any CPU.Build.0 = Release|Any CPU
	EndGlobalSection
	GlobalSection(SolutionProperties) = preSolution
		HideSolutionNode = FALSE
	EndGlobalSection
	GlobalSection(ExtensibilityGlobals) = postSolution
		SolutionGuid = {81592A56-47FA-4321-AB95-DE93980A5D14}
	EndGlobalSection
EndGlobal
